
Microsoft Visual Studio Solution File, Format Version 12.00
# Visual Studio Version 16
VisualStudioVersion = 16.0.31105.61
MinimumVisualStudioVersion = 10.0.40219.1
Project("{9A19103F-16F7-4668-BE54-9A1E7A4F7556}") = "Trader.Forms.App", "Trader.Forms.App\Trader.Forms.App.csproj", "{E28EB0B4-C948-49E7-8B8D-0758B3FBD887}"
EndProject
Project("{9A19103F-16F7-4668-BE54-9A1E7A4F7556}") = "Trader.Console.App", "Trader.Console.App\Trader.Console.App.csproj", "{6D7CA360-55C6-435E-BCCE-90AA95039102}"
EndProject
Project("{2150E333-8FDC-42A3-9474-1A3956D46DE8}") = "Libs", "Libs", "{D825206A-C403-4510-ADC4-3EA74C5692A5}"
EndProject
Project("{9A19103F-16F7-4668-BE54-9A1E7A4F7556}") = "Io.Gate.GateApi", "Libs\Gate\Io.Gate.GateApi.csproj", "{4360520E-E38B-4F2C-981D-908C37CDCAD5}"
EndProject
Project("{9A19103F-16F7-4668-BE54-9A1E7A4F7556}") = "Trader.Service", "Trader.Service\Trader.Service.csproj", "{630CF9B7-0CEF-4313-8337-A1BF847BA46D}"
EndProject
Project("{9A19103F-16F7-4668-BE54-9A1E7A4F7556}") = "Kucoin.Net", "Libs\Kucoin.Net\Kucoin.Net.csproj", "{1CAFAA47-BFF7-4409-AE26-559F1A8B90A2}"
EndProject
Global
	GlobalSection(SolutionConfigurationPlatforms) = preSolution
		Debug|Any CPU = Debug|Any CPU
		Release|Any CPU = Release|Any CPU
	EndGlobalSection
	GlobalSection(ProjectConfigurationPlatforms) = postSolution
		{E28EB0B4-C948-49E7-8B8D-0758B3FBD887}.Debug|Any CPU.ActiveCfg = Debug|Any CPU
		{E28EB0B4-C948-49E7-8B8D-0758B3FBD887}.Debug|Any CPU.Build.0 = Debug|Any CPU
		{E28EB0B4-C948-49E7-8B8D-0758B3FBD887}.Release|Any CPU.ActiveCfg = Release|Any CPU
		{E28EB0B4-C948-49E7-8B8D-0758B3FBD887}.Release|Any CPU.Build.0 = Release|Any CPU
		{6D7CA360-55C6-435E-BCCE-90AA95039102}.Debug|Any CPU.ActiveCfg = Debug|Any CPU
		{6D7CA360-55C6-435E-BCCE-90AA95039102}.Debug|Any CPU.Build.0 = Debug|Any CPU
		{6D7CA360-55C6-435E-BCCE-90AA95039102}.Release|Any CPU.ActiveCfg = Release|Any CPU
		{6D7CA360-55C6-435E-BCCE-90AA95039102}.Release|Any CPU.Build.0 = Release|Any CPU
		{4360520E-E38B-4F2C-981D-908C37CDCAD5}.Debug|Any CPU.ActiveCfg = Debug|Any CPU
		{4360520E-E38B-4F2C-981D-908C37CDCAD5}.Debug|Any CPU.Build.0 = Debug|Any CPU
		{4360520E-E38B-4F2C-981D-908C37CDCAD5}.Release|Any CPU.ActiveCfg = Release|Any CPU
		{4360520E-E38B-4F2C-981D-908C37CDCAD5}.Release|Any CPU.Build.0 = Release|Any CPU
		{630CF9B7-0CEF-4313-8337-A1BF847BA46D}.Debug|Any CPU.ActiveCfg = Debug|Any CPU
		{630CF9B7-0CEF-4313-8337-A1BF847BA46D}.Debug|Any CPU.Build.0 = Debug|Any CPU
		{630CF9B7-0CEF-4313-8337-A1BF847BA46D}.Release|Any CPU.ActiveCfg = Release|Any CPU
		{630CF9B7-0CEF-4313-8337-A1BF847BA46D}.Release|Any CPU.Build.0 = Release|Any CPU
		{1CAFAA47-BFF7-4409-AE26-559F1A8B90A2}.Debug|Any CPU.ActiveCfg = Debug|Any CPU
		{1CAFAA47-BFF7-4409-AE26-559F1A8B90A2}.Debug|Any CPU.Build.0 = Debug|Any CPU
		{1CAFAA47-BFF7-4409-AE26-559F1A8B90A2}.Release|Any CPU.ActiveCfg = Release|Any CPU
		{1CAFAA47-BFF7-4409-AE26-559F1A8B90A2}.Release|Any CPU.Build.0 = Release|Any CPU
	EndGlobalSection
	GlobalSection(SolutionProperties) = preSolution
		HideSolutionNode = FALSE
	EndGlobalSection
	GlobalSection(NestedProjects) = preSolution
		{4360520E-E38B-4F2C-981D-908C37CDCAD5} = {D825206A-C403-4510-ADC4-3EA74C5692A5}
		{1CAFAA47-BFF7-4409-AE26-559F1A8B90A2} = {D825206A-C403-4510-ADC4-3EA74C5692A5}
	EndGlobalSection
	GlobalSection(ExtensibilityGlobals) = postSolution
		SolutionGuid = {DFE947F0-E25C-4B80-9B98-C82C53F9EECC}
	EndGlobalSection
EndGlobal
